
Microsoft Visual Studio Solution File, Format Version 12.00
# Visual Studio Version 16
VisualStudioVersion = 16.0.34114.132
MinimumVisualStudioVersion = 10.0.40219.1
Project("{FAE04EC0-301F-11D3-BF4B-00C04F79EFBC}") = "Dance", "Dance.csproj", "{7E16B92D-00EC-4C7D-968A-7AAE8CD3907F}"
EndProject
Global
	GlobalSection(SolutionConfigurationPlatforms) = preSolution
		Debug|Any CPU = Debug|Any CPU
		Debug|x64 = Debug|x64
		Release|Any CPU = Release|Any CPU
		Release|x64 = Release|x64
	EndGlobalSection
	GlobalSection(ProjectConfigurationPlatforms) = postSolution
		{7E16B92D-00EC-4C7D-968A-7AAE8CD3907F}.Debug|Any CPU.ActiveCfg = Debug|Any CPU
		{7E16B92D-00EC-4C7D-968A-7AAE8CD3907F}.Debug|Any CPU.Build.0 = Debug|Any CPU
		{7E16B92D-00EC-4C7D-968A-7AAE8CD3907F}.Debug|x64.ActiveCfg = Debug|x64
		{7E16B92D-00EC-4C7D-968A-7AAE8CD3907F}.Debug|x64.Build.0 = Debug|x64
		{7E16B92D-00EC-4C7D-968A-7AAE8CD3907F}.Release|Any CPU.ActiveCfg = Release|Any CPU
		{7E16B92D-00EC-4C7D-968A-7AAE8CD3907F}.Release|Any CPU.Build.0 = Release|Any CPU
		{7E16B92D-00EC-4C7D-968A-7AAE8CD3907F}.Release|x64.ActiveCfg = Release|x64
		{7E16B92D-00EC-4C7D-968A-7AAE8CD3907F}.Release|x64.Build.0 = Release|x64
	EndGlobalSection
	GlobalSection(SolutionProperties) = preSolution
		HideSolutionNode = FALSE
	EndGlobalSection
	GlobalSection(ExtensibilityGlobals) = postSolution
		SolutionGuid = {EB5EA7C6-5185-4E39-AE84-5584CF09741F}
	EndGlobalSection
EndGlobal
